
Microsoft Visual Studio Solution File, Format Version 12.00
# Visual Studio Express 2012 for Windows Desktop
Project("{F184B08F-C81C-45F6-A57F-5ABD9991F28F}") = "TOTAL MARKS IN CONSOLE", "TOTAL MARKS IN CONSOLE\TOTAL MARKS IN CONSOLE.vbproj", "{6EDBBF13-3A11-44AB-B7CE-DC8590E2FFAB}"
EndProject
Global
	GlobalSection(SolutionConfigurationPlatforms) = preSolution
		Debug|Any CPU = Debug|Any CPU
		Release|Any CPU = Release|Any CPU
	EndGlobalSection
	GlobalSection(ProjectConfigurationPlatforms) = postSolution
		{6EDBBF13-3A11-44AB-B7CE-DC8590E2FFAB}.Debug|Any CPU.ActiveCfg = Debug|Any CPU
		{6EDBBF13-3A11-44AB-B7CE-DC8590E2FFAB}.Debug|Any CPU.Build.0 = Debug|Any CPU
		{6EDBBF13-3A11-44AB-B7CE-DC8590E2FFAB}.Release|Any CPU.ActiveCfg = Release|Any CPU
		{6EDBBF13-3A11-44AB-B7CE-DC8590E2FFAB}.Release|Any CPU.Build.0 = Release|Any CPU
	EndGlobalSection
	GlobalSection(SolutionProperties) = preSolution
		HideSolutionNode = FALSE
	EndGlobalSection
EndGlobal
