
Microsoft Visual Studio Solution File, Format Version 12.00
# Visual Studio Express 2012 for Windows Desktop
Project("{F184B08F-C81C-45F6-A57F-5ABD9991F28F}") = "abstract class new", "abstract class new\abstract class new.vbproj", "{CEB780E1-5D56-419A-8B5D-4F2BAE9FEC9C}"
EndProject
Global
	GlobalSection(SolutionConfigurationPlatforms) = preSolution
		Debug|Any CPU = Debug|Any CPU
		Release|Any CPU = Release|Any CPU
	EndGlobalSection
	GlobalSection(ProjectConfigurationPlatforms) = postSolution
		{CEB780E1-5D56-419A-8B5D-4F2BAE9FEC9C}.Debug|Any CPU.ActiveCfg = Debug|Any CPU
		{CEB780E1-5D56-419A-8B5D-4F2BAE9FEC9C}.Debug|Any CPU.Build.0 = Debug|Any CPU
		{CEB780E1-5D56-419A-8B5D-4F2BAE9FEC9C}.Release|Any CPU.ActiveCfg = Release|Any CPU
		{CEB780E1-5D56-419A-8B5D-4F2BAE9FEC9C}.Release|Any CPU.Build.0 = Release|Any CPU
	EndGlobalSection
	GlobalSection(SolutionProperties) = preSolution
		HideSolutionNode = FALSE
	EndGlobalSection
EndGlobal
