
Microsoft Visual Studio Solution File, Format Version 12.00
# Visual Studio Express 2012 for Windows Desktop
Project("{F184B08F-C81C-45F6-A57F-5ABD9991F28F}") = "FILE DIRECTPRY", "FILE DIRECTPRY\FILE DIRECTPRY.vbproj", "{84A814B1-D4E8-4EA3-8AD0-B703CCEE1826}"
EndProject
Global
	GlobalSection(SolutionConfigurationPlatforms) = preSolution
		Debug|Any CPU = Debug|Any CPU
		Release|Any CPU = Release|Any CPU
	EndGlobalSection
	GlobalSection(ProjectConfigurationPlatforms) = postSolution
		{84A814B1-D4E8-4EA3-8AD0-B703CCEE1826}.Debug|Any CPU.ActiveCfg = Debug|Any CPU
		{84A814B1-D4E8-4EA3-8AD0-B703CCEE1826}.Debug|Any CPU.Build.0 = Debug|Any CPU
		{84A814B1-D4E8-4EA3-8AD0-B703CCEE1826}.Release|Any CPU.ActiveCfg = Release|Any CPU
		{84A814B1-D4E8-4EA3-8AD0-B703CCEE1826}.Release|Any CPU.Build.0 = Release|Any CPU
	EndGlobalSection
	GlobalSection(SolutionProperties) = preSolution
		HideSolutionNode = FALSE
	EndGlobalSection
EndGlobal
