
Microsoft Visual Studio Solution File, Format Version 12.00
# Visual Studio Express 2012 for Windows Desktop
Project("{F184B08F-C81C-45F6-A57F-5ABD9991F28F}") = "MENUBAR", "MENUBAR\MENUBAR.vbproj", "{5BB90FFD-10DD-475B-949B-B188F9E435B4}"
EndProject
Global
	GlobalSection(SolutionConfigurationPlatforms) = preSolution
		Debug|Any CPU = Debug|Any CPU
		Release|Any CPU = Release|Any CPU
	EndGlobalSection
	GlobalSection(ProjectConfigurationPlatforms) = postSolution
		{5BB90FFD-10DD-475B-949B-B188F9E435B4}.Debug|Any CPU.ActiveCfg = Debug|Any CPU
		{5BB90FFD-10DD-475B-949B-B188F9E435B4}.Debug|Any CPU.Build.0 = Debug|Any CPU
		{5BB90FFD-10DD-475B-949B-B188F9E435B4}.Release|Any CPU.ActiveCfg = Release|Any CPU
		{5BB90FFD-10DD-475B-949B-B188F9E435B4}.Release|Any CPU.Build.0 = Release|Any CPU
	EndGlobalSection
	GlobalSection(SolutionProperties) = preSolution
		HideSolutionNode = FALSE
	EndGlobalSection
EndGlobal
