
Microsoft Visual Studio Solution File, Format Version 12.00
# Visual Studio Express 2012 for Windows Desktop
Project("{F184B08F-C81C-45F6-A57F-5ABD9991F28F}") = "abs new 2", "abs new 2\abs new 2.vbproj", "{D835164C-1A0E-4066-BF70-DAF195A2F64C}"
EndProject
Global
	GlobalSection(SolutionConfigurationPlatforms) = preSolution
		Debug|Any CPU = Debug|Any CPU
		Release|Any CPU = Release|Any CPU
	EndGlobalSection
	GlobalSection(ProjectConfigurationPlatforms) = postSolution
		{D835164C-1A0E-4066-BF70-DAF195A2F64C}.Debug|Any CPU.ActiveCfg = Debug|Any CPU
		{D835164C-1A0E-4066-BF70-DAF195A2F64C}.Debug|Any CPU.Build.0 = Debug|Any CPU
		{D835164C-1A0E-4066-BF70-DAF195A2F64C}.Release|Any CPU.ActiveCfg = Release|Any CPU
		{D835164C-1A0E-4066-BF70-DAF195A2F64C}.Release|Any CPU.Build.0 = Release|Any CPU
	EndGlobalSection
	GlobalSection(SolutionProperties) = preSolution
		HideSolutionNode = FALSE
	EndGlobalSection
EndGlobal
